// !$*UTF8*$!
{
	archiveVersion = 1;
	classes = {
	};
	objectVersion = 46;
	objects = {

/* Begin PBXBuildFile section */
		57274F001C474C06005AFC4F /* Comment.swift in Sources */ = {isa = PBXBuildFile; fileRef = 57274EFF1C474C06005AFC4F /* Comment.swift */; };
		57766FAF1C2A42D400DE8A5A /* AppDelegate.swift in Sources */ = {isa = PBXBuildFile; fileRef = 57766FAE1C2A42D400DE8A5A /* AppDelegate.swift */; };
		57766FB41C2A42D400DE8A5A /* Main.storyboard in Resources */ = {isa = PBXBuildFile; fileRef = 57766FB21C2A42D400DE8A5A /* Main.storyboard */; };
		57766FB61C2A42D400DE8A5A /* Assets.xcassets in Resources */ = {isa = PBXBuildFile; fileRef = 57766FB51C2A42D400DE8A5A /* Assets.xcassets */; };
		57766FB91C2A42D400DE8A5A /* LaunchScreen.storyboard in Resources */ = {isa = PBXBuildFile; fileRef = 57766FB71C2A42D400DE8A5A /* LaunchScreen.storyboard */; };
		57766FC41C2A42D500DE8A5A /* swiftFinalTests.swift in Sources */ = {isa = PBXBuildFile; fileRef = 57766FC31C2A42D500DE8A5A /* swiftFinalTests.swift */; };
		57766FCF1C2A42D500DE8A5A /* swiftFinalUITests.swift in Sources */ = {isa = PBXBuildFile; fileRef = 57766FCE1C2A42D500DE8A5A /* swiftFinalUITests.swift */; };
		57766FDD1C2A50F200DE8A5A /* HomeTableViewController.swift in Sources */ = {isa = PBXBuildFile; fileRef = 57766FDC1C2A50F200DE8A5A /* HomeTableViewController.swift */; };
		57766FDF1C2A521100DE8A5A /* UserTableViewCell.swift in Sources */ = {isa = PBXBuildFile; fileRef = 57766FDE1C2A521100DE8A5A /* UserTableViewCell.swift */; };
		57766FE31C2A6E7700DE8A5A /* BtnTableViewCell.swift in Sources */ = {isa = PBXBuildFile; fileRef = 57766FE21C2A6E7700DE8A5A /* BtnTableViewCell.swift */; };
		57766FE51C2A6F3F00DE8A5A /* LikeTableViewCell.swift in Sources */ = {isa = PBXBuildFile; fileRef = 57766FE41C2A6F3F00DE8A5A /* LikeTableViewCell.swift */; };
		57766FE71C2A6FD600DE8A5A /* CommentTableViewCell.swift in Sources */ = {isa = PBXBuildFile; fileRef = 57766FE61C2A6FD600DE8A5A /* CommentTableViewCell.swift */; };
		57766FE91C2A754400DE8A5A /* ImgTableViewCell.swift in Sources */ = {isa = PBXBuildFile; fileRef = 57766FE81C2A754400DE8A5A /* ImgTableViewCell.swift */; };
		57A6389B1C45035D000C5B26 /* Loan.swift in Sources */ = {isa = PBXBuildFile; fileRef = 57A6389A1C45035D000C5B26 /* Loan.swift */; };
		57A7412B1C2A88A900A6FB3A /* CommentViewController.swift in Sources */ = {isa = PBXBuildFile; fileRef = 57A7412A1C2A88A900A6FB3A /* CommentViewController.swift */; };
/* End PBXBuildFile section */

/* Begin PBXContainerItemProxy section */
		57766FC01C2A42D500DE8A5A /* PBXContainerItemProxy */ = {
			isa = PBXContainerItemProxy;
			containerPortal = 57766FA31C2A42D400DE8A5A /* Project object */;
			proxyType = 1;
			remoteGlobalIDString = 57766FAA1C2A42D400DE8A5A;
			remoteInfo = swiftFinal;
		};
		57766FCB1C2A42D500DE8A5A /* PBXContainerItemProxy */ = {
			isa = PBXContainerItemProxy;
			containerPortal = 57766FA31C2A42D400DE8A5A /* Project object */;
			proxyType = 1;
			remoteGlobalIDString = 57766FAA1C2A42D400DE8A5A;
			remoteInfo = swiftFinal;
		};
/* End PBXContainerItemProxy section */

/* Begin PBXFileReference section */
		57274EFF1C474C06005AFC4F /* Comment.swift */ = {isa = PBXFileReference; fileEncoding = 4; lastKnownFileType = sourcecode.swift; path = Comment.swift; sourceTree = "<group>"; };
		57766FAB1C2A42D400DE8A5A /* swiftFinal.app */ = {isa = PBXFileReference; explicitFileType = wrapper.application; includeInIndex = 0; path = swiftFinal.app; sourceTree = BUILT_PRODUCTS_DIR; };
		57766FAE1C2A42D400DE8A5A /* AppDelegate.swift */ = {isa = PBXFileReference; lastKnownFileType = sourcecode.swift; path = AppDelegate.swift; sourceTree = "<group>"; };
		57766FB31C2A42D400DE8A5A /* Base */ = {isa = PBXFileReference; lastKnownFileType = file.storyboard; name = Base; path = Base.lproj/Main.storyboard; sourceTree = "<group>"; };
		57766FB51C2A42D400DE8A5A /* Assets.xcassets */ = {isa = PBXFileReference; lastKnownFileType = folder.assetcatalog; path = Assets.xcassets; sourceTree = "<group>"; };
		57766FB81C2A42D400DE8A5A /* Base */ = {isa = PBXFileReference; lastKnownFileType = file.storyboard; name = Base; path = Base.lproj/LaunchScreen.storyboard; sourceTree = "<group>"; };
		57766FBA1C2A42D400DE8A5A /* Info.plist */ = {isa = PBXFileReference; lastKnownFileType = text.plist.xml; path = Info.plist; sourceTree = "<group>"; };
		57766FBF1C2A42D500DE8A5A /* swiftFinalTests.xctest */ = {isa = PBXFileReference; explicitFileType = wrapper.cfbundle; includeInIndex = 0; path = swiftFinalTests.xctest; sourceTree = BUILT_PRODUCTS_DIR; };
		57766FC31C2A42D500DE8A5A /* swiftFinalTests.swift */ = {isa = PBXFileReference; lastKnownFileType = sourcecode.swift; path = swiftFinalTests.swift; sourceTree = "<group>"; };
		57766FC51C2A42D500DE8A5A /* Info.plist */ = {isa = PBXFileReference; lastKnownFileType = text.plist.xml; path = Info.plist; sourceTree = "<group>"; };
		57766FCA1C2A42D500DE8A5A /* swiftFinalUITests.xctest */ = {isa = PBXFileReference; explicitFileType = wrapper.cfbundle; includeInIndex = 0; path = swiftFinalUITests.xctest; sourceTree = BUILT_PRODUCTS_DIR; };
		57766FCE1C2A42D500DE8A5A /* swiftFinalUITests.swift */ = {isa = PBXFileReference; lastKnownFileType = sourcecode.swift; path = swiftFinalUITests.swift; sourceTree = "<group>"; };
		57766FD01C2A42D500DE8A5A /* Info.plist */ = {isa = PBXFileReference; lastKnownFileType = text.plist.xml; path = Info.plist; sourceTree = "<group>"; };
		57766FDC1C2A50F200DE8A5A /* HomeTableViewController.swift */ = {isa = PBXFileReference; fileEncoding = 4; lastKnownFileType = sourcecode.swift; path = HomeTableViewController.swift; sourceTree = "<group>"; };
		57766FDE1C2A521100DE8A5A /* UserTableViewCell.swift */ = {isa = PBXFileReference; fileEncoding = 4; lastKnownFileType = sourcecode.swift; path = UserTableViewCell.swift; sourceTree = "<group>"; };
		57766FE21C2A6E7700DE8A5A /* BtnTableViewCell.swift */ = {isa = PBXFileReference; fileEncoding = 4; lastKnownFileType = sourcecode.swift; path = BtnTableViewCell.swift; sourceTree = "<group>"; };
		57766FE41C2A6F3F00DE8A5A /* LikeTableViewCell.swift */ = {isa = PBXFileReference; fileEncoding = 4; lastKnownFileType = sourcecode.swift; path = LikeTableViewCell.swift; sourceTree = "<group>"; };
		57766FE61C2A6FD600DE8A5A /* CommentTableViewCell.swift */ = {isa = PBXFileReference; fileEncoding = 4; lastKnownFileType = sourcecode.swift; path = CommentTableViewCell.swift; sourceTree = "<group>"; };
		57766FE81C2A754400DE8A5A /* ImgTableViewCell.swift */ = {isa = PBXFileReference; fileEncoding = 4; lastKnownFileType = sourcecode.swift; path = ImgTableViewCell.swift; sourceTree = "<group>"; };
		57A6389A1C45035D000C5B26 /* Loan.swift */ = {isa = PBXFileReference; fileEncoding = 4; lastKnownFileType = sourcecode.swift; path = Loan.swift; sourceTree = "<group>"; };
		57A7412A1C2A88A900A6FB3A /* CommentViewController.swift */ = {isa = PBXFileReference; fileEncoding = 4; lastKnownFileType = sourcecode.swift; path = CommentViewController.swift; sourceTree = "<group>"; };
/* End PBXFileReference section */

/* Begin PBXFrameworksBuildPhase section */
		57766FA81C2A42D400DE8A5A /* Frameworks */ = {
			isa = PBXFrameworksBuildPhase;
			buildActionMask = 2147483647;
			files = (
			);
			runOnlyForDeploymentPostprocessing = 0;
		};
		57766FBC1C2A42D500DE8A5A /* Frameworks */ = {
			isa = PBXFrameworksBuildPhase;
			buildActionMask = 2147483647;
			files = (
			);
			runOnlyForDeploymentPostprocessing = 0;
		};
		57766FC71C2A42D500DE8A5A /* Frameworks */ = {
			isa = PBXFrameworksBuildPhase;
			buildActionMask = 2147483647;
			files = (
			);
			runOnlyForDeploymentPostprocessing = 0;
		};
/* End PBXFrameworksBuildPhase section */

/* Begin PBXGroup section */
		57766FA21C2A42D400DE8A5A = {
			isa = PBXGroup;
			children = (
				57766FAD1C2A42D400DE8A5A /* swiftFinal */,
				57766FC21C2A42D500DE8A5A /* swiftFinalTests */,
				57766FCD1C2A42D500DE8A5A /* swiftFinalUITests */,
				57766FAC1C2A42D400DE8A5A /* Products */,
			);
			sourceTree = "<group>";
		};
		57766FAC1C2A42D400DE8A5A /* Products */ = {
			isa = PBXGroup;
			children = (
				57766FAB1C2A42D400DE8A5A /* swiftFinal.app */,
				57766FBF1C2A42D500DE8A5A /* swiftFinalTests.xctest */,
				57766FCA1C2A42D500DE8A5A /* swiftFinalUITests.xctest */,
			);
			name = Products;
			sourceTree = "<group>";
		};
		57766FAD1C2A42D400DE8A5A /* swiftFinal */ = {
			isa = PBXGroup;
			children = (
				57766FAE1C2A42D400DE8A5A /* AppDelegate.swift */,
				57766FB21C2A42D400DE8A5A /* Main.storyboard */,
				57766FB51C2A42D400DE8A5A /* Assets.xcassets */,
				57766FB71C2A42D400DE8A5A /* LaunchScreen.storyboard */,
				57766FBA1C2A42D400DE8A5A /* Info.plist */,
				57766FDC1C2A50F200DE8A5A /* HomeTableViewController.swift */,
				57766FDE1C2A521100DE8A5A /* UserTableViewCell.swift */,
				57766FE21C2A6E7700DE8A5A /* BtnTableViewCell.swift */,
				57766FE41C2A6F3F00DE8A5A /* LikeTableViewCell.swift */,
				57766FE61C2A6FD600DE8A5A /* CommentTableViewCell.swift */,
				57766FE81C2A754400DE8A5A /* ImgTableViewCell.swift */,
				57A7412A1C2A88A900A6FB3A /* CommentViewController.swift */,
				57A6389A1C45035D000C5B26 /* Loan.swift */,
				57274EFF1C474C06005AFC4F /* Comment.swift */,
			);
			path = swiftFinal;
			sourceTree = "<group>";
		};
		57766FC21C2A42D500DE8A5A /* swiftFinalTests */ = {
			isa = PBXGroup;
			children = (
				57766FC31C2A42D500DE8A5A /* swiftFinalTests.swift */,
				57766FC51C2A42D500DE8A5A /* Info.plist */,
			);
			path = swiftFinalTests;
			sourceTree = "<group>";
		};
		57766FCD1C2A42D500DE8A5A /* swiftFinalUITests */ = {
			isa = PBXGroup;
			children = (
				57766FCE1C2A42D500DE8A5A /* swiftFinalUITests.swift */,
				57766FD01C2A42D500DE8A5A /* Info.plist */,
			);
			path = swiftFinalUITests;
			sourceTree = "<group>";
		};
/* End PBXGroup section */

/* Begin PBXNativeTarget section */
		57766FAA1C2A42D400DE8A5A /* swiftFinal */ = {
			isa = PBXNativeTarget;
			buildConfigurationList = 57766FD31C2A42D500DE8A5A /* Build configuration list for PBXNativeTarget "swiftFinal" */;
			buildPhases = (
				57766FA71C2A42D400DE8A5A /* Sources */,
				57766FA81C2A42D400DE8A5A /* Frameworks */,
				57766FA91C2A42D400DE8A5A /* Resources */,
			);
			buildRules = (
			);
			dependencies = (
			);
			name = swiftFinal;
			productName = swiftFinal;
			productReference = 57766FAB1C2A42D400DE8A5A /* swiftFinal.app */;
			productType = "com.apple.product-type.application";
		};
		57766FBE1C2A42D500DE8A5A /* swiftFinalTests */ = {
			isa = PBXNativeTarget;
			buildConfigurationList = 57766FD61C2A42D500DE8A5A /* Build configuration list for PBXNativeTarget "swiftFinalTests" */;
			buildPhases = (
				57766FBB1C2A42D500DE8A5A /* Sources */,
				57766FBC1C2A42D500DE8A5A /* Frameworks */,
				57766FBD1C2A42D500DE8A5A /* Resources */,
			);
			buildRules = (
			);
			dependencies = (
				57766FC11C2A42D500DE8A5A /* PBXTargetDependency */,
			);
			name = swiftFinalTests;
			productName = swiftFinalTests;
			productReference = 57766FBF1C2A42D500DE8A5A /* swiftFinalTests.xctest */;
			productType = "com.apple.product-type.bundle.unit-test";
		};
		57766FC91C2A42D500DE8A5A /* swiftFinalUITests */ = {
			isa = PBXNativeTarget;
			buildConfigurationList = 57766FD91C2A42D500DE8A5A /* Build configuration list for PBXNativeTarget "swiftFinalUITests" */;
			buildPhases = (
				57766FC61C2A42D500DE8A5A /* Sources */,
				57766FC71C2A42D500DE8A5A /* Frameworks */,
				57766FC81C2A42D500DE8A5A /* Resources */,
			);
			buildRules = (
			);
			dependencies = (
				57766FCC1C2A42D500DE8A5A /* PBXTargetDependency */,
			);
			name = swiftFinalUITests;
			productName = swiftFinalUITests;
			productReference = 57766FCA1C2A42D500DE8A5A /* swiftFinalUITests.xctest */;
			productType = "com.apple.product-type.bundle.ui-testing";
		};
/* End PBXNativeTarget section */

/* Begin PBXProject section */
		57766FA31C2A42D400DE8A5A /* Project object */ = {
			isa = PBXProject;
			attributes = {
				LastSwiftUpdateCheck = 0720;
				LastUpgradeCheck = 0720;
				ORGANIZATIONNAME = "Lin Circle";
				TargetAttributes = {
					57766FAA1C2A42D400DE8A5A = {
						CreatedOnToolsVersion = 7.2;
						DevelopmentTeam = 4QX528523R;
					};
					57766FBE1C2A42D500DE8A5A = {
						CreatedOnToolsVersion = 7.2;
						DevelopmentTeam = 4QX528523R;
						TestTargetID = 57766FAA1C2A42D400DE8A5A;
					};
					57766FC91C2A42D500DE8A5A = {
						CreatedOnToolsVersion = 7.2;
						DevelopmentTeam = 4QX528523R;
						TestTargetID = 57766FAA1C2A42D400DE8A5A;
					};
				};
			};
			buildConfigurationList = 57766FA61C2A42D400DE8A5A /* Build configuration list for PBXProject "swiftFinal" */;
			compatibilityVersion = "Xcode 3.2";
			developmentRegion = English;
			hasScannedForEncodings = 0;
			knownRegions = (
				en,
				Base,
			);
			mainGroup = 57766FA21C2A42D400DE8A5A;
			productRefGroup = 57766FAC1C2A42D400DE8A5A /* Products */;
			projectDirPath = "";
			projectRoot = "";
			targets = (
				57766FAA1C2A42D400DE8A5A /* swiftFinal */,
				57766FBE1C2A42D500DE8A5A /* swiftFinalTests */,
				57766FC91C2A42D500DE8A5A /* swiftFinalUITests */,
			);
		};
/* End PBXProject section */

/* Begin PBXResourcesBuildPhase section */
		57766FA91C2A42D400DE8A5A /* Resources */ = {
			isa = PBXResourcesBuildPhase;
			buildActionMask = 2147483647;
			files = (
				57766FB91C2A42D400DE8A5A /* LaunchScreen.storyboard in Resources */,
				57766FB61C2A42D400DE8A5A /* Assets.xcassets in Resources */,
				57766FB41C2A42D400DE8A5A /* Main.storyboard in Resources */,
			);
			runOnlyForDeploymentPostprocessing = 0;
		};
		57766FBD1C2A42D500DE8A5A /* Resources */ = {
			isa = PBXResourcesBuildPhase;
			buildActionMask = 2147483647;
			files = (
			);
			runOnlyForDeploymentPostprocessing = 0;
		};
		57766FC81C2A42D500DE8A5A /* Resources */ = {
			isa = PBXResourcesBuildPhase;
			buildActionMask = 2147483647;
			files = (
			);
			runOnlyForDeploymentPostprocessing = 0;
		};
/* End PBXResourcesBuildPhase section */

/* Begin PBXSourcesBuildPhase section */
		57766FA71C2A42D400DE8A5A /* Sources */ = {
			isa = PBXSourcesBuildPhase;
			buildActionMask = 2147483647;
			files = (
				57A7412B1C2A88A900A6FB3A /* CommentViewController.swift in Sources */,
				57766FE51C2A6F3F00DE8A5A /* LikeTableViewCell.swift in Sources */,
				57766FE31C2A6E7700DE8A5A /* BtnTableViewCell.swift in Sources */,
				57766FDD1C2A50F200DE8A5A /* HomeTableViewController.swift in Sources */,
				57A6389B1C45035D000C5B26 /* Loan.swift in Sources */,
				57274F001C474C06005AFC4F /* Comment.swift in Sources */,
				57766FE71C2A6FD600DE8A5A /* CommentTableViewCell.swift in Sources */,
				57766FDF1C2A521100DE8A5A /* UserTableViewCell.swift in Sources */,
				57766FAF1C2A42D400DE8A5A /* AppDelegate.swift in Sources */,
				57766FE91C2A754400DE8A5A /* ImgTableViewCell.swift in Sources */,
			);
			runOnlyForDeploymentPostprocessing = 0;
		};
		57766FBB1C2A42D500DE8A5A /* Sources */ = {
			isa = PBXSourcesBuildPhase;
			buildActionMask = 2147483647;
			files = (
				57766FC41C2A42D500DE8A5A /* swiftFinalTests.swift in Sources */,
			);
			runOnlyForDeploymentPostprocessing = 0;
		};
		57766FC61C2A42D500DE8A5A /* Sources */ = {
			isa = PBXSourcesBuildPhase;
			buildActionMask = 2147483647;
			files = (
				57766FCF1C2A42D500DE8A5A /* swiftFinalUITests.swift in Sources */,
			);
			runOnlyForDeploymentPostprocessing = 0;
		};
/* End PBXSourcesBuildPhase section */

/* Begin PBXTargetDependency section */
		57766FC11C2A42D500DE8A5A /* PBXTargetDependency */ = {
			isa = PBXTargetDependency;
			target = 57766FAA1C2A42D400DE8A5A /* swiftFinal */;
			targetProxy = 57766FC01C2A42D500DE8A5A /* PBXContainerItemProxy */;
		};
		57766FCC1C2A42D500DE8A5A /* PBXTargetDependency */ = {
			isa = PBXTargetDependency;
			target = 57766FAA1C2A42D400DE8A5A /* swiftFinal */;
			targetProxy = 57766FCB1C2A42D500DE8A5A /* PBXContainerItemProxy */;
		};
/* End PBXTargetDependency section */

/* Begin PBXVariantGroup section */
		57766FB21C2A42D400DE8A5A /* Main.storyboard */ = {
			isa = PBXVariantGroup;
			children = (
				57766FB31C2A42D400DE8A5A /* Base */,
			);
			name = Main.storyboard;
			sourceTree = "<group>";
		};
		57766FB71C2A42D400DE8A5A /* LaunchScreen.storyboard */ = {
			isa = PBXVariantGroup;
			children = (
				57766FB81C2A42D400DE8A5A /* Base */,
			);
			name = LaunchScreen.storyboard;
			sourceTree = "<group>";
		};
/* End PBXVariantGroup section */

/* Begin XCBuildConfiguration section */
		57766FD11C2A42D500DE8A5A /* Debug */ = {
			isa = XCBuildConfiguration;
			buildSettings = {
				ALWAYS_SEARCH_USER_PATHS = NO;
				CLANG_CXX_LANGUAGE_STANDARD = "gnu++0x";
				CLANG_CXX_LIBRARY = "libc++";
				CLANG_ENABLE_MODULES = YES;
				CLANG_ENABLE_OBJC_ARC = YES;
				CLANG_WARN_BOOL_CONVERSION = YES;
				CLANG_WARN_CONSTANT_CONVERSION = YES;
				CLANG_WARN_DIRECT_OBJC_ISA_USAGE = YES_ERROR;
				CLANG_WARN_EMPTY_BODY = YES;
				CLANG_WARN_ENUM_CONVERSION = YES;
				CLANG_WARN_INT_CONVERSION = YES;
				CLANG_WARN_OBJC_ROOT_CLASS = YES_ERROR;
				CLANG_WARN_UNREACHABLE_CODE = YES;
				CLANG_WARN__DUPLICATE_METHOD_MATCH = YES;
				"CODE_SIGN_IDENTITY[sdk=iphoneos*]" = "iPhone Developer";
				COPY_PHASE_STRIP = NO;
				DEBUG_INFORMATION_FORMAT = dwarf;
				ENABLE_STRICT_OBJC_MSGSEND = YES;
				ENABLE_TESTABILITY = YES;
				GCC_C_LANGUAGE_STANDARD = gnu99;
				GCC_DYNAMIC_NO_PIC = NO;
				GCC_NO_COMMON_BLOCKS = YES;
				GCC_OPTIMIZATION_LEVEL = 0;
				GCC_PREPROCESSOR_DEFINITIONS = (
					"DEBUG=1",
					"$(inherited)",
				);
				GCC_WARN_64_TO_32_BIT_CONVERSION = YES;
				GCC_WARN_ABOUT_RETURN_TYPE = YES_ERROR;
				GCC_WARN_UNDECLARED_SELECTOR = YES;
				GCC_WARN_UNINITIALIZED_AUTOS = YES_AGGRESSIVE;
				GCC_WARN_UNUSED_FUNCTION = YES;
				GCC_WARN_UNUSED_VARIABLE = YES;
				IPHONEOS_DEPLOYMENT_TARGET = 9.2;
				MTL_ENABLE_DEBUG_INFO = YES;
				ONLY_ACTIVE_ARCH = YES;
				SDKROOT = iphoneos;
				SWIFT_OPTIMIZATION_LEVEL = "-Onone";
			};
			name = Debug;
		};
		57766FD21C2A42D500DE8A5A /* Release */ = {
			isa = XCBuildConfiguration;
			buildSettings = {
				ALWAYS_SEARCH_USER_PATHS = NO;
				CLANG_CXX_LANGUAGE_STANDARD = "gnu++0x";
				CLANG_CXX_LIBRARY = "libc++";
				CLANG_ENABLE_MODULES = YES;
				CLANG_ENABLE_OBJC_ARC = YES;
				CLANG_WARN_BOOL_CONVERSION = YES;
				CLANG_WARN_CONSTANT_CONVERSION = YES;
				CLANG_WARN_DIRECT_OBJC_ISA_USAGE = YES_ERROR;
				CLANG_WARN_EMPTY_BODY = YES;
				CLANG_WARN_ENUM_CONVERSION = YES;
				CLANG_WARN_INT_CONVERSION = YES;
				CLANG_WARN_OBJC_ROOT_CLASS = YES_ERROR;
				CLANG_WARN_UNREACHABLE_CODE = YES;
				CLANG_WARN__DUPLICATE_METHOD_MATCH = YES;
				"CODE_SIGN_IDENTITY[sdk=iphoneos*]" = "iPhone Developer";
				COPY_PHASE_STRIP = NO;
				DEBUG_INFORMATION_FORMAT = "dwarf-with-dsym";
				ENABLE_NS_ASSERTIONS = NO;
				ENABLE_STRICT_OBJC_MSGSEND = YES;
				GCC_C_LANGUAGE_STANDARD = gnu99;
				GCC_NO_COMMON_BLOCKS = YES;
				GCC_WARN_64_TO_32_BIT_CONVERSION = YES;
				GCC_WARN_ABOUT_RETURN_TYPE = YES_ERROR;
				GCC_WARN_UNDECLARED_SELECTOR = YES;
				GCC_WARN_UNINITIALIZED_AUTOS = YES_AGGRESSIVE;
				GCC_WARN_UNUSED_FUNCTION = YES;
				GCC_WARN_UNUSED_VARIABLE = YES;
				IPHONEOS_DEPLOYMENT_TARGET = 9.2;
				MTL_ENABLE_DEBUG_INFO = NO;
				SDKROOT = iphoneos;
				VALIDATE_PRODUCT = YES;
			};
			name = Release;
		};
		57766FD41C2A42D500DE8A5A /* Debug */ = {
			isa = XCBuildConfiguration;
			buildSettings = {
				ASSETCATALOG_COMPILER_APPICON_NAME = AppIcon;
				INFOPLIST_FILE = swiftFinal/Info.plist;
				IPHONEOS_DEPLOYMENT_TARGET = 9.1;
				LD_RUNPATH_SEARCH_PATHS = "$(inherited) @executable_path/Frameworks";
				PRODUCT_BUNDLE_IDENTIFIER = me.cgua.swiftFinal;
				PRODUCT_NAME = "$(TARGET_NAME)";
			};
			name = Debug;
		};
		57766FD51C2A42D500DE8A5A /* Release */ = {
			isa = XCBuildConfiguration;
			buildSettings = {
				ASSETCATALOG_COMPILER_APPICON_NAME = AppIcon;
				INFOPLIST_FILE = swiftFinal/Info.plist;
				IPHONEOS_DEPLOYMENT_TARGET = 9.1;
				LD_RUNPATH_SEARCH_PATHS = "$(inherited) @executable_path/Frameworks";
				PRODUCT_BUNDLE_IDENTIFIER = me.cgua.swiftFinal;
				PRODUCT_NAME = "$(TARGET_NAME)";
			};
			name = Release;
		};
		57766FD71C2A42D500DE8A5A /* Debug */ = {
			isa = XCBuildConfiguration;
			buildSettings = {
				BUNDLE_LOADER = "$(TEST_HOST)";
				INFOPLIST_FILE = swiftFinalTests/Info.plist;
				LD_RUNPATH_SEARCH_PATHS = "$(inherited) @executable_path/Frameworks @loader_path/Frameworks";
				PRODUCT_BUNDLE_IDENTIFIER = me.cgua.swiftFinalTests;
				PRODUCT_NAME = "$(TARGET_NAME)";
				TEST_HOST = "$(BUILT_PRODUCTS_DIR)/swiftFinal.app/swiftFinal";
			};
			name = Debug;
		};
		57766FD81C2A42D500DE8A5A /* Release */ = {
			isa = XCBuildConfiguration;
			buildSettings = {
				BUNDLE_LOADER = "$(TEST_HOST)";
				INFOPLIST_FILE = swiftFinalTests/Info.plist;
				LD_RUNPATH_SEARCH_PATHS = "$(inherited) @executable_path/Frameworks @loader_path/Frameworks";
				PRODUCT_BUNDLE_IDENTIFIER = me.cgua.swiftFinalTests;
				PRODUCT_NAME = "$(TARGET_NAME)";
				TEST_HOST = "$(BUILT_PRODUCTS_DIR)/swiftFinal.app/swiftFinal";
			};
			name = Release;
		};
		57766FDA1C2A42D500DE8A5A /* Debug */ = {
			isa = XCBuildConfiguration;
			buildSettings = {
				INFOPLIST_FILE = swiftFinalUITests/Info.plist;
				LD_RUNPATH_SEARCH_PATHS = "$(inherited) @executable_path/Frameworks @loader_path/Frameworks";
				PRODUCT_BUNDLE_IDENTIFIER = me.cgua.swiftFinalUITests;
				PRODUCT_NAME = "$(TARGET_NAME)";
				TEST_TARGET_NAME = swiftFinal;
				USES_XCTRUNNER = YES;
			};
			name = Debug;
		};
		57766FDB1C2A42D500DE8A5A /* Release */ = {
			isa = XCBuildConfiguration;
			buildSettings = {
				INFOPLIST_FILE = swiftFinalUITests/Info.plist;
				LD_RUNPATH_SEARCH_PATHS = "$(inherited) @executable_path/Frameworks @loader_path/Frameworks";
				PRODUCT_BUNDLE_IDENTIFIER = me.cgua.swiftFinalUITests;
				PRODUCT_NAME = "$(TARGET_NAME)";
				TEST_TARGET_NAME = swiftFinal;
				USES_XCTRUNNER = YES;
			};
			name = Release;
		};
/* End XCBuildConfiguration section */

/* Begin XCConfigurationList section */
		57766FA61C2A42D400DE8A5A /* Build configuration list for PBXProject "swiftFinal" */ = {
			isa = XCConfigurationList;
			buildConfigurations = (
				57766FD11C2A42D500DE8A5A /* Debug */,
				57766FD21C2A42D500DE8A5A /* Release */,
			);
			defaultConfigurationIsVisible = 0;
			defaultConfigurationName = Release;
		};
		57766FD31C2A42D500DE8A5A /* Build configuration list for PBXNativeTarget "swiftFinal" */ = {
			isa = XCConfigurationList;
			buildConfigurations = (
				57766FD41C2A42D500DE8A5A /* Debug */,
				57766FD51C2A42D500DE8A5A /* Release */,
			);
			defaultConfigurationIsVisible = 0;
			defaultConfigurationName = Release;
		};
		57766FD61C2A42D500DE8A5A /* Build configuration list for PBXNativeTarget "swiftFinalTests" */ = {
			isa = XCConfigurationList;
			buildConfigurations = (
				57766FD71C2A42D500DE8A5A /* Debug */,
				57766FD81C2A42D500DE8A5A /* Release */,
			);
			defaultConfigurationIsVisible = 0;
			defaultConfigurationName = Release;
		};
		57766FD91C2A42D500DE8A5A /* Build configuration list for PBXNativeTarget "swiftFinalUITests" */ = {
			isa = XCConfigurationList;
			buildConfigurations = (
				57766FDA1C2A42D500DE8A5A /* Debug */,
				57766FDB1C2A42D500DE8A5A /* Release */,
			);
			defaultConfigurationIsVisible = 0;
			defaultConfigurationName = Release;
		};
/* End XCConfigurationList section */
	};
	rootObject = 57766FA31C2A42D400DE8A5A /* Project object */;
}
